// !$*UTF8*$!
{
	archiveVersion = 1;
	classes = {
	};
	objectVersion = 50;
	objects = {

/* Begin PBXBuildFile section */
		9935654F22651CC900FA7D7A /* Font Bureau - HeronSans Bold.otf in Resources */ = {isa = PBXBuildFile; fileRef = 9935654D22651CC900FA7D7A /* Font Bureau - HeronSans Bold.otf */; };
		9935655022651CC900FA7D7A /* Font Bureau - HeronSans Regular.otf in Resources */ = {isa = PBXBuildFile; fileRef = 9935654E22651CC900FA7D7A /* Font Bureau - HeronSans Regular.otf */; };
		99356553226522D200FA7D7A /* UIViewExt.swift in Sources */ = {isa = PBXBuildFile; fileRef = 99356552226522D200FA7D7A /* UIViewExt.swift */; };
		993565572265441A00FA7D7A /* UITextFieldExt.swift in Sources */ = {isa = PBXBuildFile; fileRef = 993565542265441A00FA7D7A /* UITextFieldExt.swift */; };
		993565582265441A00FA7D7A /* UILabelExt.swift in Sources */ = {isa = PBXBuildFile; fileRef = 993565552265441A00FA7D7A /* UILabelExt.swift */; };
		993565592265441A00FA7D7A /* UIButtonExt.swift in Sources */ = {isa = PBXBuildFile; fileRef = 993565562265441A00FA7D7A /* UIButtonExt.swift */; };
		99356563226548E600FA7D7A /* speaking.mp3 in Resources */ = {isa = PBXBuildFile; fileRef = 9935655F226548E600FA7D7A /* speaking.mp3 */; };
		99356564226548E600FA7D7A /* vacuum.mp4 in Resources */ = {isa = PBXBuildFile; fileRef = 99356560226548E600FA7D7A /* vacuum.mp4 */; };
		99356565226548E600FA7D7A /* baby.mp3 in Resources */ = {isa = PBXBuildFile; fileRef = 99356561226548E600FA7D7A /* baby.mp3 */; };
		99356566226548E600FA7D7A /* normalvacuum.mp4 in Resources */ = {isa = PBXBuildFile; fileRef = 99356562226548E600FA7D7A /* normalvacuum.mp4 */; };
		99356569226548F600FA7D7A /* music.mp3 in Resources */ = {isa = PBXBuildFile; fileRef = 99356567226548F600FA7D7A /* music.mp3 */; };
		9935656A226548F600FA7D7A /* birds.mp3 in Resources */ = {isa = PBXBuildFile; fileRef = 99356568226548F600FA7D7A /* birds.mp3 */; };
		99729B5F2266539700403446 /* EqView.xib in Resources */ = {isa = PBXBuildFile; fileRef = 99729B5E2266539700403446 /* EqView.xib */; };
		99729B612266552000403446 /* EqView.swift in Sources */ = {isa = PBXBuildFile; fileRef = 99729B602266552000403446 /* EqView.swift */; };
		997A3ED122648F4F003A1998 /* AppDelegate.swift in Sources */ = {isa = PBXBuildFile; fileRef = 997A3ED022648F4F003A1998 /* AppDelegate.swift */; };
		997A3ED322648F4F003A1998 /* MainVC.swift in Sources */ = {isa = PBXBuildFile; fileRef = 997A3ED222648F4F003A1998 /* MainVC.swift */; };
		997A3ED622648F4F003A1998 /* Main.storyboard in Resources */ = {isa = PBXBuildFile; fileRef = 997A3ED422648F4F003A1998 /* Main.storyboard */; };
		997A3ED922648F4F003A1998 /* arceliksupurge.xcdatamodeld in Sources */ = {isa = PBXBuildFile; fileRef = 997A3ED722648F4F003A1998 /* arceliksupurge.xcdatamodeld */; };
		997A3EDB22648F52003A1998 /* Assets.xcassets in Resources */ = {isa = PBXBuildFile; fileRef = 997A3EDA22648F52003A1998 /* Assets.xcassets */; };
		997A3EDE22648F52003A1998 /* LaunchScreen.storyboard in Resources */ = {isa = PBXBuildFile; fileRef = 997A3EDC22648F52003A1998 /* LaunchScreen.storyboard */; };
		997A3EEC2264915E003A1998 /* UIViewDesignable.swift in Sources */ = {isa = PBXBuildFile; fileRef = 997A3EEB2264915E003A1998 /* UIViewDesignable.swift */; };
		997F8A1E226714F000109E26 /* ImageGif.swift in Sources */ = {isa = PBXBuildFile; fileRef = 997F8A1D226714F000109E26 /* ImageGif.swift */; };
		997F8A202267161C00109E26 /* test.gif in Resources */ = {isa = PBXBuildFile; fileRef = 997F8A1F2267161C00109E26 /* test.gif */; };
		9988590D2267DB5A00A10C6A /* eq_imperium.gif in Resources */ = {isa = PBXBuildFile; fileRef = 9988590B2267DB5A00A10C6A /* eq_imperium.gif */; };
		9988590E2267DB5A00A10C6A /* eq_other.gif in Resources */ = {isa = PBXBuildFile; fileRef = 9988590C2267DB5A00A10C6A /* eq_other.gif */; };
		9ABC842E4CED935327B50DBF /* Pods_arceliksupurge.framework in Frameworks */ = {isa = PBXBuildFile; fileRef = 232CD3018C5EECE8CB751E08 /* Pods_arceliksupurge.framework */; };
/* End PBXBuildFile section */

/* Begin PBXFileReference section */
		232CD3018C5EECE8CB751E08 /* Pods_arceliksupurge.framework */ = {isa = PBXFileReference; explicitFileType = wrapper.framework; includeInIndex = 0; path = Pods_arceliksupurge.framework; sourceTree = BUILT_PRODUCTS_DIR; };
		884F2D2C021F8865CC2BC7B6 /* Pods-arceliksupurge.release.xcconfig */ = {isa = PBXFileReference; includeInIndex = 1; lastKnownFileType = text.xcconfig; name = "Pods-arceliksupurge.release.xcconfig"; path = "Pods/Target Support Files/Pods-arceliksupurge/Pods-arceliksupurge.release.xcconfig"; sourceTree = "<group>"; };
		9935654D22651CC900FA7D7A /* Font Bureau - HeronSans Bold.otf */ = {isa = PBXFileReference; lastKnownFileType = file; path = "Font Bureau - HeronSans Bold.otf"; sourceTree = "<group>"; };
		9935654E22651CC900FA7D7A /* Font Bureau - HeronSans Regular.otf */ = {isa = PBXFileReference; lastKnownFileType = file; path = "Font Bureau - HeronSans Regular.otf"; sourceTree = "<group>"; };
		99356552226522D200FA7D7A /* UIViewExt.swift */ = {isa = PBXFileReference; fileEncoding = 4; lastKnownFileType = sourcecode.swift; path = UIViewExt.swift; sourceTree = "<group>"; };
		993565542265441A00FA7D7A /* UITextFieldExt.swift */ = {isa = PBXFileReference; fileEncoding = 4; lastKnownFileType = sourcecode.swift; path = UITextFieldExt.swift; sourceTree = "<group>"; };
		993565552265441A00FA7D7A /* UILabelExt.swift */ = {isa = PBXFileReference; fileEncoding = 4; lastKnownFileType = sourcecode.swift; path = UILabelExt.swift; sourceTree = "<group>"; };
		993565562265441A00FA7D7A /* UIButtonExt.swift */ = {isa = PBXFileReference; fileEncoding = 4; lastKnownFileType = sourcecode.swift; path = UIButtonExt.swift; sourceTree = "<group>"; };
		9935655F226548E600FA7D7A /* speaking.mp3 */ = {isa = PBXFileReference; lastKnownFileType = audio.mp3; path = speaking.mp3; sourceTree = "<group>"; };
		99356560226548E600FA7D7A /* vacuum.mp4 */ = {isa = PBXFileReference; lastKnownFileType = file; path = vacuum.mp4; sourceTree = "<group>"; };
		99356561226548E600FA7D7A /* baby.mp3 */ = {isa = PBXFileReference; lastKnownFileType = audio.mp3; path = baby.mp3; sourceTree = "<group>"; };
		99356562226548E600FA7D7A /* normalvacuum.mp4 */ = {isa = PBXFileReference; lastKnownFileType = file; path = normalvacuum.mp4; sourceTree = "<group>"; };
		99356567226548F600FA7D7A /* music.mp3 */ = {isa = PBXFileReference; lastKnownFileType = audio.mp3; path = music.mp3; sourceTree = "<group>"; };
		99356568226548F600FA7D7A /* birds.mp3 */ = {isa = PBXFileReference; lastKnownFileType = audio.mp3; path = birds.mp3; sourceTree = "<group>"; };
		99729B5E2266539700403446 /* EqView.xib */ = {isa = PBXFileReference; lastKnownFileType = file.xib; path = EqView.xib; sourceTree = "<group>"; };
		99729B602266552000403446 /* EqView.swift */ = {isa = PBXFileReference; lastKnownFileType = sourcecode.swift; path = EqView.swift; sourceTree = "<group>"; };
		997A3ECD22648F4F003A1998 /* arceliksupurge.app */ = {isa = PBXFileReference; explicitFileType = wrapper.application; includeInIndex = 0; path = arceliksupurge.app; sourceTree = BUILT_PRODUCTS_DIR; };
		997A3ED022648F4F003A1998 /* AppDelegate.swift */ = {isa = PBXFileReference; lastKnownFileType = sourcecode.swift; path = AppDelegate.swift; sourceTree = "<group>"; };
		997A3ED222648F4F003A1998 /* MainVC.swift */ = {isa = PBXFileReference; lastKnownFileType = sourcecode.swift; path = MainVC.swift; sourceTree = "<group>"; };
		997A3ED522648F4F003A1998 /* Base */ = {isa = PBXFileReference; lastKnownFileType = file.storyboard; name = Base; path = Base.lproj/Main.storyboard; sourceTree = "<group>"; };
		997A3ED822648F4F003A1998 /* arceliksupurge.xcdatamodel */ = {isa = PBXFileReference; lastKnownFileType = wrapper.xcdatamodel; path = arceliksupurge.xcdatamodel; sourceTree = "<group>"; };
		997A3EDA22648F52003A1998 /* Assets.xcassets */ = {isa = PBXFileReference; lastKnownFileType = folder.assetcatalog; path = Assets.xcassets; sourceTree = "<group>"; };
		997A3EDD22648F52003A1998 /* Base */ = {isa = PBXFileReference; lastKnownFileType = file.storyboard; name = Base; path = Base.lproj/LaunchScreen.storyboard; sourceTree = "<group>"; };
		997A3EDF22648F52003A1998 /* Info.plist */ = {isa = PBXFileReference; lastKnownFileType = text.plist.xml; path = Info.plist; sourceTree = "<group>"; };
		997A3EEB2264915E003A1998 /* UIViewDesignable.swift */ = {isa = PBXFileReference; fileEncoding = 4; lastKnownFileType = sourcecode.swift; path = UIViewDesignable.swift; sourceTree = "<group>"; };
		997F8A1D226714F000109E26 /* ImageGif.swift */ = {isa = PBXFileReference; lastKnownFileType = sourcecode.swift; path = ImageGif.swift; sourceTree = "<group>"; };
		997F8A1F2267161C00109E26 /* test.gif */ = {isa = PBXFileReference; lastKnownFileType = image.gif; path = test.gif; sourceTree = "<group>"; };
		9988590B2267DB5A00A10C6A /* eq_imperium.gif */ = {isa = PBXFileReference; lastKnownFileType = image.gif; path = eq_imperium.gif; sourceTree = "<group>"; };
		9988590C2267DB5A00A10C6A /* eq_other.gif */ = {isa = PBXFileReference; lastKnownFileType = image.gif; path = eq_other.gif; sourceTree = "<group>"; };
		A77C11C5E5D3953C439F46F9 /* Pods-arceliksupurge.debug.xcconfig */ = {isa = PBXFileReference; includeInIndex = 1; lastKnownFileType = text.xcconfig; name = "Pods-arceliksupurge.debug.xcconfig"; path = "Pods/Target Support Files/Pods-arceliksupurge/Pods-arceliksupurge.debug.xcconfig"; sourceTree = "<group>"; };
/* End PBXFileReference section */

/* Begin PBXFrameworksBuildPhase section */
		997A3ECA22648F4F003A1998 /* Frameworks */ = {
			isa = PBXFrameworksBuildPhase;
			buildActionMask = 2147483647;
			files = (
				9ABC842E4CED935327B50DBF /* Pods_arceliksupurge.framework in Frameworks */,
			);
			runOnlyForDeploymentPostprocessing = 0;
		};
/* End PBXFrameworksBuildPhase section */

/* Begin PBXGroup section */
		9935654C22651CB800FA7D7A /* Fonts */ = {
			isa = PBXGroup;
			children = (
				9935654D22651CC900FA7D7A /* Font Bureau - HeronSans Bold.otf */,
				9935654E22651CC900FA7D7A /* Font Bureau - HeronSans Regular.otf */,
			);
			path = Fonts;
			sourceTree = "<group>";
		};
		99356551226522A300FA7D7A /* Extensions */ = {
			isa = PBXGroup;
			children = (
				993565562265441A00FA7D7A /* UIButtonExt.swift */,
				993565552265441A00FA7D7A /* UILabelExt.swift */,
				993565542265441A00FA7D7A /* UITextFieldExt.swift */,
				99356552226522D200FA7D7A /* UIViewExt.swift */,
			);
			path = Extensions;
			sourceTree = "<group>";
		};
		9935655A226546F400FA7D7A /* Sounds */ = {
			isa = PBXGroup;
			children = (
				99356568226548F600FA7D7A /* birds.mp3 */,
				99356567226548F600FA7D7A /* music.mp3 */,
				99356561226548E600FA7D7A /* baby.mp3 */,
				99356562226548E600FA7D7A /* normalvacuum.mp4 */,
				9935655F226548E600FA7D7A /* speaking.mp3 */,
				99356560226548E600FA7D7A /* vacuum.mp4 */,
			);
			path = Sounds;
			sourceTree = "<group>";
		};
		997A3EC422648F4F003A1998 = {
			isa = PBXGroup;
			children = (
				997A3ECF22648F4F003A1998 /* arceliksupurge */,
				997A3ECE22648F4F003A1998 /* Products */,
				A896CD3B5A9A164E1C2CFE73 /* Pods */,
				E1B565816DEE6D60F9AC1449 /* Frameworks */,
			);
			sourceTree = "<group>";
		};
		997A3ECE22648F4F003A1998 /* Products */ = {
			isa = PBXGroup;
			children = (
				997A3ECD22648F4F003A1998 /* arceliksupurge.app */,
			);
			name = Products;
			sourceTree = "<group>";
		};
		997A3ECF22648F4F003A1998 /* arceliksupurge */ = {
			isa = PBXGroup;
			children = (
				997A3EE622648F83003A1998 /* Controller */,
				997A3EE522648F78003A1998 /* View */,
				997A3EE822648F95003A1998 /* Structures */,
				9935655A226546F400FA7D7A /* Sounds */,
				997A3EE722648F91003A1998 /* Other */,
				997A3EDF22648F52003A1998 /* Info.plist */,
				997A3ED722648F4F003A1998 /* arceliksupurge.xcdatamodeld */,
			);
			path = arceliksupurge;
			sourceTree = "<group>";
		};
		997A3EE522648F78003A1998 /* View */ = {
			isa = PBXGroup;
			children = (
				997A3EE922648FB2003A1998 /* Storyboards */,
				9935654C22651CB800FA7D7A /* Fonts */,
				997A3EDA22648F52003A1998 /* Assets.xcassets */,
				99729B5E2266539700403446 /* EqView.xib */,
				99729B602266552000403446 /* EqView.swift */,
			);
			path = View;
			sourceTree = "<group>";
		};
		997A3EE622648F83003A1998 /* Controller */ = {
			isa = PBXGroup;
			children = (
				997A3ED222648F4F003A1998 /* MainVC.swift */,
			);
			path = Controller;
			sourceTree = "<group>";
		};
		997A3EE722648F91003A1998 /* Other */ = {
			isa = PBXGroup;
			children = (
				997A3ED022648F4F003A1998 /* AppDelegate.swift */,
				997A3EDC22648F52003A1998 /* LaunchScreen.storyboard */,
			);
			path = Other;
			sourceTree = "<group>";
		};
		997A3EE822648F95003A1998 /* Structures */ = {
			isa = PBXGroup;
			children = (
				99356551226522A300FA7D7A /* Extensions */,
				997A3EEA22649151003A1998 /* IBDesignables */,
				997F8A1D226714F000109E26 /* ImageGif.swift */,
				997F8A1F2267161C00109E26 /* test.gif */,
				9988590B2267DB5A00A10C6A /* eq_imperium.gif */,
				9988590C2267DB5A00A10C6A /* eq_other.gif */,
			);
			path = Structures;
			sourceTree = "<group>";
		};
		997A3EE922648FB2003A1998 /* Storyboards */ = {
			isa = PBXGroup;
			children = (
				997A3ED422648F4F003A1998 /* Main.storyboard */,
			);
			path = Storyboards;
			sourceTree = "<group>";
		};
		997A3EEA22649151003A1998 /* IBDesignables */ = {
			isa = PBXGroup;
			children = (
				997A3EEB2264915E003A1998 /* UIViewDesignable.swift */,
			);
			path = IBDesignables;
			sourceTree = "<group>";
		};
		A896CD3B5A9A164E1C2CFE73 /* Pods */ = {
			isa = PBXGroup;
			children = (
				A77C11C5E5D3953C439F46F9 /* Pods-arceliksupurge.debug.xcconfig */,
				884F2D2C021F8865CC2BC7B6 /* Pods-arceliksupurge.release.xcconfig */,
			);
			name = Pods;
			sourceTree = "<group>";
		};
		E1B565816DEE6D60F9AC1449 /* Frameworks */ = {
			isa = PBXGroup;
			children = (
				232CD3018C5EECE8CB751E08 /* Pods_arceliksupurge.framework */,
			);
			name = Frameworks;
			sourceTree = "<group>";
		};
/* End PBXGroup section */

/* Begin PBXNativeTarget section */
		997A3ECC22648F4F003A1998 /* arceliksupurge */ = {
			isa = PBXNativeTarget;
			buildConfigurationList = 997A3EE222648F52003A1998 /* Build configuration list for PBXNativeTarget "arceliksupurge" */;
			buildPhases = (
				75E7B1CAA7022DD03C19412D /* [CP] Check Pods Manifest.lock */,
				997A3EC922648F4F003A1998 /* Sources */,
				997A3ECA22648F4F003A1998 /* Frameworks */,
				997A3ECB22648F4F003A1998 /* Resources */,
			);
			buildRules = (
			);
			dependencies = (
			);
			name = arceliksupurge;
			productName = arceliksupurge;
			productReference = 997A3ECD22648F4F003A1998 /* arceliksupurge.app */;
			productType = "com.apple.product-type.application";
		};
/* End PBXNativeTarget section */

/* Begin PBXProject section */
		997A3EC522648F4F003A1998 /* Project object */ = {
			isa = PBXProject;
			attributes = {
				LastSwiftUpdateCheck = 1020;
				LastUpgradeCheck = 1020;
				ORGANIZATIONNAME = "Gökhan Mandacı";
				TargetAttributes = {
					997A3ECC22648F4F003A1998 = {
						CreatedOnToolsVersion = 10.2;
					};
				};
			};
			buildConfigurationList = 997A3EC822648F4F003A1998 /* Build configuration list for PBXProject "arceliksupurge" */;
			compatibilityVersion = "Xcode 9.3";
			developmentRegion = en;
			hasScannedForEncodings = 0;
			knownRegions = (
				en,
				Base,
			);
			mainGroup = 997A3EC422648F4F003A1998;
			productRefGroup = 997A3ECE22648F4F003A1998 /* Products */;
			projectDirPath = "";
			projectRoot = "";
			targets = (
				997A3ECC22648F4F003A1998 /* arceliksupurge */,
			);
		};
/* End PBXProject section */

/* Begin PBXResourcesBuildPhase section */
		997A3ECB22648F4F003A1998 /* Resources */ = {
			isa = PBXResourcesBuildPhase;
			buildActionMask = 2147483647;
			files = (
				9935656A226548F600FA7D7A /* birds.mp3 in Resources */,
				99356569226548F600FA7D7A /* music.mp3 in Resources */,
				997A3EDE22648F52003A1998 /* LaunchScreen.storyboard in Resources */,
				99356566226548E600FA7D7A /* normalvacuum.mp4 in Resources */,
				997A3EDB22648F52003A1998 /* Assets.xcassets in Resources */,
				9935654F22651CC900FA7D7A /* Font Bureau - HeronSans Bold.otf in Resources */,
				997A3ED622648F4F003A1998 /* Main.storyboard in Resources */,
				99356565226548E600FA7D7A /* baby.mp3 in Resources */,
				99729B5F2266539700403446 /* EqView.xib in Resources */,
				99356563226548E600FA7D7A /* speaking.mp3 in Resources */,
				9988590D2267DB5A00A10C6A /* eq_imperium.gif in Resources */,
				99356564226548E600FA7D7A /* vacuum.mp4 in Resources */,
				9988590E2267DB5A00A10C6A /* eq_other.gif in Resources */,
				997F8A202267161C00109E26 /* test.gif in Resources */,
				9935655022651CC900FA7D7A /* Font Bureau - HeronSans Regular.otf in Resources */,
			);
			runOnlyForDeploymentPostprocessing = 0;
		};
/* End PBXResourcesBuildPhase section */

/* Begin PBXShellScriptBuildPhase section */
		75E7B1CAA7022DD03C19412D /* [CP] Check Pods Manifest.lock */ = {
			isa = PBXShellScriptBuildPhase;
			buildActionMask = 2147483647;
			files = (
			);
			inputFileListPaths = (
			);
			inputPaths = (
				"${PODS_PODFILE_DIR_PATH}/Podfile.lock",
				"${PODS_ROOT}/Manifest.lock",
			);
			name = "[CP] Check Pods Manifest.lock";
			outputFileListPaths = (
			);
			outputPaths = (
				"$(DERIVED_FILE_DIR)/Pods-arceliksupurge-checkManifestLockResult.txt",
			);
			runOnlyForDeploymentPostprocessing = 0;
			shellPath = /bin/sh;
			shellScript = "diff \"${PODS_PODFILE_DIR_PATH}/Podfile.lock\" \"${PODS_ROOT}/Manifest.lock\" > /dev/null\nif [ $? != 0 ] ; then\n    # print error to STDERR\n    echo \"error: The sandbox is not in sync with the Podfile.lock. Run 'pod install' or update your CocoaPods installation.\" >&2\n    exit 1\nfi\n# This output is used by Xcode 'outputs' to avoid re-running this script phase.\necho \"SUCCESS\" > \"${SCRIPT_OUTPUT_FILE_0}\"\n";
			showEnvVarsInLog = 0;
		};
/* End PBXShellScriptBuildPhase section */

/* Begin PBXSourcesBuildPhase section */
		997A3EC922648F4F003A1998 /* Sources */ = {
			isa = PBXSourcesBuildPhase;
			buildActionMask = 2147483647;
			files = (
				997A3EEC2264915E003A1998 /* UIViewDesignable.swift in Sources */,
				99729B612266552000403446 /* EqView.swift in Sources */,
				997A3ED922648F4F003A1998 /* arceliksupurge.xcdatamodeld in Sources */,
				99356553226522D200FA7D7A /* UIViewExt.swift in Sources */,
				993565572265441A00FA7D7A /* UITextFieldExt.swift in Sources */,
				993565582265441A00FA7D7A /* UILabelExt.swift in Sources */,
				997A3ED322648F4F003A1998 /* MainVC.swift in Sources */,
				997A3ED122648F4F003A1998 /* AppDelegate.swift in Sources */,
				997F8A1E226714F000109E26 /* ImageGif.swift in Sources */,
				993565592265441A00FA7D7A /* UIButtonExt.swift in Sources */,
			);
			runOnlyForDeploymentPostprocessing = 0;
		};
/* End PBXSourcesBuildPhase section */

/* Begin PBXVariantGroup section */
		997A3ED422648F4F003A1998 /* Main.storyboard */ = {
			isa = PBXVariantGroup;
			children = (
				997A3ED522648F4F003A1998 /* Base */,
			);
			name = Main.storyboard;
			sourceTree = "<group>";
		};
		997A3EDC22648F52003A1998 /* LaunchScreen.storyboard */ = {
			isa = PBXVariantGroup;
			children = (
				997A3EDD22648F52003A1998 /* Base */,
			);
			name = LaunchScreen.storyboard;
			sourceTree = "<group>";
		};
/* End PBXVariantGroup section */

/* Begin XCBuildConfiguration section */
		997A3EE022648F52003A1998 /* Debug */ = {
			isa = XCBuildConfiguration;
			buildSettings = {
				ALWAYS_SEARCH_USER_PATHS = NO;
				CLANG_ANALYZER_NONNULL = YES;
				CLANG_ANALYZER_NUMBER_OBJECT_CONVERSION = YES_AGGRESSIVE;
				CLANG_CXX_LANGUAGE_STANDARD = "gnu++14";
				CLANG_CXX_LIBRARY = "libc++";
				CLANG_ENABLE_MODULES = YES;
				CLANG_ENABLE_OBJC_ARC = YES;
				CLANG_ENABLE_OBJC_WEAK = YES;
				CLANG_WARN_BLOCK_CAPTURE_AUTORELEASING = YES;
				CLANG_WARN_BOOL_CONVERSION = YES;
				CLANG_WARN_COMMA = YES;
				CLANG_WARN_CONSTANT_CONVERSION = YES;
				CLANG_WARN_DEPRECATED_OBJC_IMPLEMENTATIONS = YES;
				CLANG_WARN_DIRECT_OBJC_ISA_USAGE = YES_ERROR;
				CLANG_WARN_DOCUMENTATION_COMMENTS = YES;
				CLANG_WARN_EMPTY_BODY = YES;
				CLANG_WARN_ENUM_CONVERSION = YES;
				CLANG_WARN_INFINITE_RECURSION = YES;
				CLANG_WARN_INT_CONVERSION = YES;
				CLANG_WARN_NON_LITERAL_NULL_CONVERSION = YES;
				CLANG_WARN_OBJC_IMPLICIT_RETAIN_SELF = YES;
				CLANG_WARN_OBJC_LITERAL_CONVERSION = YES;
				CLANG_WARN_OBJC_ROOT_CLASS = YES_ERROR;
				CLANG_WARN_RANGE_LOOP_ANALYSIS = YES;
				CLANG_WARN_STRICT_PROTOTYPES = YES;
				CLANG_WARN_SUSPICIOUS_MOVE = YES;
				CLANG_WARN_UNGUARDED_AVAILABILITY = YES_AGGRESSIVE;
				CLANG_WARN_UNREACHABLE_CODE = YES;
				CLANG_WARN__DUPLICATE_METHOD_MATCH = YES;
				CODE_SIGN_IDENTITY = "iPhone Developer";
				COPY_PHASE_STRIP = NO;
				DEBUG_INFORMATION_FORMAT = dwarf;
				ENABLE_STRICT_OBJC_MSGSEND = YES;
				ENABLE_TESTABILITY = YES;
				GCC_C_LANGUAGE_STANDARD = gnu11;
				GCC_DYNAMIC_NO_PIC = NO;
				GCC_NO_COMMON_BLOCKS = YES;
				GCC_OPTIMIZATION_LEVEL = 0;
				GCC_PREPROCESSOR_DEFINITIONS = (
					"DEBUG=1",
					"$(inherited)",
				);
				GCC_WARN_64_TO_32_BIT_CONVERSION = YES;
				GCC_WARN_ABOUT_RETURN_TYPE = YES_ERROR;
				GCC_WARN_UNDECLARED_SELECTOR = YES;
				GCC_WARN_UNINITIALIZED_AUTOS = YES_AGGRESSIVE;
				GCC_WARN_UNUSED_FUNCTION = YES;
				GCC_WARN_UNUSED_VARIABLE = YES;
				IPHONEOS_DEPLOYMENT_TARGET = 12.2;
				MTL_ENABLE_DEBUG_INFO = INCLUDE_SOURCE;
				MTL_FAST_MATH = YES;
				ONLY_ACTIVE_ARCH = YES;
				SDKROOT = iphoneos;
				SWIFT_ACTIVE_COMPILATION_CONDITIONS = DEBUG;
				SWIFT_OPTIMIZATION_LEVEL = "-Onone";
			};
			name = Debug;
		};
		997A3EE122648F52003A1998 /* Release */ = {
			isa = XCBuildConfiguration;
			buildSettings = {
				ALWAYS_SEARCH_USER_PATHS = NO;
				CLANG_ANALYZER_NONNULL = YES;
				CLANG_ANALYZER_NUMBER_OBJECT_CONVERSION = YES_AGGRESSIVE;
				CLANG_CXX_LANGUAGE_STANDARD = "gnu++14";
				CLANG_CXX_LIBRARY = "libc++";
				CLANG_ENABLE_MODULES = YES;
				CLANG_ENABLE_OBJC_ARC = YES;
				CLANG_ENABLE_OBJC_WEAK = YES;
				CLANG_WARN_BLOCK_CAPTURE_AUTORELEASING = YES;
				CLANG_WARN_BOOL_CONVERSION = YES;
				CLANG_WARN_COMMA = YES;
				CLANG_WARN_CONSTANT_CONVERSION = YES;
				CLANG_WARN_DEPRECATED_OBJC_IMPLEMENTATIONS = YES;
				CLANG_WARN_DIRECT_OBJC_ISA_USAGE = YES_ERROR;
				CLANG_WARN_DOCUMENTATION_COMMENTS = YES;
				CLANG_WARN_EMPTY_BODY = YES;
				CLANG_WARN_ENUM_CONVERSION = YES;
				CLANG_WARN_INFINITE_RECURSION = YES;
				CLANG_WARN_INT_CONVERSION = YES;
				CLANG_WARN_NON_LITERAL_NULL_CONVERSION = YES;
				CLANG_WARN_OBJC_IMPLICIT_RETAIN_SELF = YES;
				CLANG_WARN_OBJC_LITERAL_CONVERSION = YES;
				CLANG_WARN_OBJC_ROOT_CLASS = YES_ERROR;
				CLANG_WARN_RANGE_LOOP_ANALYSIS = YES;
				CLANG_WARN_STRICT_PROTOTYPES = YES;
				CLANG_WARN_SUSPICIOUS_MOVE = YES;
				CLANG_WARN_UNGUARDED_AVAILABILITY = YES_AGGRESSIVE;
				CLANG_WARN_UNREACHABLE_CODE = YES;
				CLANG_WARN__DUPLICATE_METHOD_MATCH = YES;
				CODE_SIGN_IDENTITY = "iPhone Developer";
				COPY_PHASE_STRIP = NO;
				DEBUG_INFORMATION_FORMAT = "dwarf-with-dsym";
				ENABLE_NS_ASSERTIONS = NO;
				ENABLE_STRICT_OBJC_MSGSEND = YES;
				GCC_C_LANGUAGE_STANDARD = gnu11;
				GCC_NO_COMMON_BLOCKS = YES;
				GCC_WARN_64_TO_32_BIT_CONVERSION = YES;
				GCC_WARN_ABOUT_RETURN_TYPE = YES_ERROR;
				GCC_WARN_UNDECLARED_SELECTOR = YES;
				GCC_WARN_UNINITIALIZED_AUTOS = YES_AGGRESSIVE;
				GCC_WARN_UNUSED_FUNCTION = YES;
				GCC_WARN_UNUSED_VARIABLE = YES;
				IPHONEOS_DEPLOYMENT_TARGET = 12.2;
				MTL_ENABLE_DEBUG_INFO = NO;
				MTL_FAST_MATH = YES;
				SDKROOT = iphoneos;
				SWIFT_COMPILATION_MODE = wholemodule;
				SWIFT_OPTIMIZATION_LEVEL = "-O";
				VALIDATE_PRODUCT = YES;
			};
			name = Release;
		};
		997A3EE322648F52003A1998 /* Debug */ = {
			isa = XCBuildConfiguration;
			baseConfigurationReference = A77C11C5E5D3953C439F46F9 /* Pods-arceliksupurge.debug.xcconfig */;
			buildSettings = {
				ASSETCATALOG_COMPILER_APPICON_NAME = AppIcon;
				CODE_SIGN_STYLE = Automatic;
				CURRENT_PROJECT_VERSION = 11;
				DEVELOPMENT_TEAM = Z583R7FF8W;
				INFOPLIST_FILE = arceliksupurge/Info.plist;
				IPHONEOS_DEPLOYMENT_TARGET = 11.0;
				LD_RUNPATH_SEARCH_PATHS = (
					"$(inherited)",
					"@executable_path/Frameworks",
				);
				PRODUCT_BUNDLE_IDENTIFIER = com.capella.arceliksupurge;
				PRODUCT_NAME = "$(TARGET_NAME)";
				SWIFT_VERSION = 5.0;
				TARGETED_DEVICE_FAMILY = 2;
			};
			name = Debug;
		};
		997A3EE422648F52003A1998 /* Release */ = {
			isa = XCBuildConfiguration;
			baseConfigurationReference = 884F2D2C021F8865CC2BC7B6 /* Pods-arceliksupurge.release.xcconfig */;
			buildSettings = {
				ASSETCATALOG_COMPILER_APPICON_NAME = AppIcon;
				CODE_SIGN_STYLE = Automatic;
				CURRENT_PROJECT_VERSION = 11;
				DEVELOPMENT_TEAM = Z583R7FF8W;
				INFOPLIST_FILE = arceliksupurge/Info.plist;
				IPHONEOS_DEPLOYMENT_TARGET = 11.0;
				LD_RUNPATH_SEARCH_PATHS = (
					"$(inherited)",
					"@executable_path/Frameworks",
				);
				PRODUCT_BUNDLE_IDENTIFIER = com.capella.arceliksupurge;
				PRODUCT_NAME = "$(TARGET_NAME)";
				SWIFT_VERSION = 5.0;
				TARGETED_DEVICE_FAMILY = 2;
			};
			name = Release;
		};
/* End XCBuildConfiguration section */

/* Begin XCConfigurationList section */
		997A3EC822648F4F003A1998 /* Build configuration list for PBXProject "arceliksupurge" */ = {
			isa = XCConfigurationList;
			buildConfigurations = (
				997A3EE022648F52003A1998 /* Debug */,
				997A3EE122648F52003A1998 /* Release */,
			);
			defaultConfigurationIsVisible = 0;
			defaultConfigurationName = Release;
		};
		997A3EE222648F52003A1998 /* Build configuration list for PBXNativeTarget "arceliksupurge" */ = {
			isa = XCConfigurationList;
			buildConfigurations = (
				997A3EE322648F52003A1998 /* Debug */,
				997A3EE422648F52003A1998 /* Release */,
			);
			defaultConfigurationIsVisible = 0;
			defaultConfigurationName = Release;
		};
/* End XCConfigurationList section */

/* Begin XCVersionGroup section */
		997A3ED722648F4F003A1998 /* arceliksupurge.xcdatamodeld */ = {
			isa = XCVersionGroup;
			children = (
				997A3ED822648F4F003A1998 /* arceliksupurge.xcdatamodel */,
			);
			currentVersion = 997A3ED822648F4F003A1998 /* arceliksupurge.xcdatamodel */;
			path = arceliksupurge.xcdatamodeld;
			sourceTree = "<group>";
			versionGroupType = wrapper.xcdatamodel;
		};
/* End XCVersionGroup section */
	};
	rootObject = 997A3EC522648F4F003A1998 /* Project object */;
}
